<Solution>
  <Project Path="Altigen.Plugins.RobotsMeta/Altigen.Plugins.RobotsMeta.csproj" Id="b50cf2e5-e809-4b87-8fb4-d4cd800aed46" />
  <Project Path="Altigen.Web.Core/Altigen.Web.Core.csproj" Id="08a6fa78-c046-4f0b-9c83-5252696d5a3e" />
  <Project Path="Altigen.Web/Altigen.Web.csproj" />
</Solution>
